// !$*UTF8*$!
{
	archiveVersion = 1;
	classes = {
	};
	objectVersion = 50;
	objects = {

/* Begin PBXBuildFile section */
		9D1F2EE0229778D7001AC220 /* GroupController.swift in Sources */ = {isa = PBXBuildFile; fileRef = 9D1F2EDF229778D7001AC220 /* GroupController.swift */; };
		9D36DDCB2308F61B00AB93EC /* SelfSizingTableView.swift in Sources */ = {isa = PBXBuildFile; fileRef = 9D36DDCA2308F61B00AB93EC /* SelfSizingTableView.swift */; };
		9D4BBCAD228A10480036488C /* CustomStyles.swift in Sources */ = {isa = PBXBuildFile; fileRef = 9D4BBCAC228A10480036488C /* CustomStyles.swift */; };
		9D540D092288EFD00090B7D2 /* AppDelegate.swift in Sources */ = {isa = PBXBuildFile; fileRef = 9D540D082288EFD00090B7D2 /* AppDelegate.swift */; };
		9D540D0E2288EFD00090B7D2 /* Main.storyboard in Resources */ = {isa = PBXBuildFile; fileRef = 9D540D0C2288EFD00090B7D2 /* Main.storyboard */; };
		9D540D112288EFD00090B7D2 /* RecipeGroups.xcdatamodeld in Sources */ = {isa = PBXBuildFile; fileRef = 9D540D0F2288EFD00090B7D2 /* RecipeGroups.xcdatamodeld */; };
		9D540D132288EFD10090B7D2 /* Assets.xcassets in Resources */ = {isa = PBXBuildFile; fileRef = 9D540D122288EFD10090B7D2 /* Assets.xcassets */; };
		9D540D162288EFD10090B7D2 /* LaunchScreen.storyboard in Resources */ = {isa = PBXBuildFile; fileRef = 9D540D142288EFD10090B7D2 /* LaunchScreen.storyboard */; };
		9D540D1E2288F3670090B7D2 /* RecipeTableViewCell.swift in Sources */ = {isa = PBXBuildFile; fileRef = 9D540D1D2288F3670090B7D2 /* RecipeTableViewCell.swift */; };
		9D540D202288F4A40090B7D2 /* RecipeTableViewController.swift in Sources */ = {isa = PBXBuildFile; fileRef = 9D540D1F2288F4A40090B7D2 /* RecipeTableViewController.swift */; };
		9D540D242288F4F20090B7D2 /* Recipe.swift in Sources */ = {isa = PBXBuildFile; fileRef = 9D540D232288F4F20090B7D2 /* Recipe.swift */; };
		9D540D262288FBDA0090B7D2 /* ShadowCellView.swift in Sources */ = {isa = PBXBuildFile; fileRef = 9D540D252288FBDA0090B7D2 /* ShadowCellView.swift */; };
		9D540D462289FE5F0090B7D2 /* RecipeDetailViewController.swift in Sources */ = {isa = PBXBuildFile; fileRef = 9D540D452289FE5F0090B7D2 /* RecipeDetailViewController.swift */; };
		9D54DF7622B5C7F60098FE0D /* Secret.swift in Sources */ = {isa = PBXBuildFile; fileRef = 9D54DF7522B5C7F60098FE0D /* Secret.swift */; };
		9D866F5422A1BC7300D783DA /* CreateAGroupTableViewController.swift in Sources */ = {isa = PBXBuildFile; fileRef = 9D866F5322A1BC7300D783DA /* CreateAGroupTableViewController.swift */; };
		9D866F5622A1DDA100D783DA /* JoinGroupTableViewController.swift in Sources */ = {isa = PBXBuildFile; fileRef = 9D866F5522A1DDA100D783DA /* JoinGroupTableViewController.swift */; };
		9D866F5822A1EA9F00D783DA /* PDFCreator.swift in Sources */ = {isa = PBXBuildFile; fileRef = 9D866F5722A1EA9F00D783DA /* PDFCreator.swift */; };
		9D866F5A22A20A4B00D783DA /* PDFViewController.swift in Sources */ = {isa = PBXBuildFile; fileRef = 9D866F5922A20A4B00D783DA /* PDFViewController.swift */; };
		9D866F5D22A214F000D783DA /* CoreText.framework in Frameworks */ = {isa = PBXBuildFile; fileRef = 9D866F5C22A214F000D783DA /* CoreText.framework */; };
		9D866F5F22A25B6200D783DA /* LoginChildTableViewController.swift in Sources */ = {isa = PBXBuildFile; fileRef = 9D866F5E22A25B6200D783DA /* LoginChildTableViewController.swift */; };
		9D866F6122A4CBF300D783DA /* GroupDetailTableViewController.swift in Sources */ = {isa = PBXBuildFile; fileRef = 9D866F6022A4CBF300D783DA /* GroupDetailTableViewController.swift */; };
		9D866F6322A4CC2F00D783DA /* GroupNameTableViewCell.swift in Sources */ = {isa = PBXBuildFile; fileRef = 9D866F6222A4CC2F00D783DA /* GroupNameTableViewCell.swift */; };
		9D866F6522A4CC4100D783DA /* GroupMemberTableViewCell.swift in Sources */ = {isa = PBXBuildFile; fileRef = 9D866F6422A4CC4100D783DA /* GroupMemberTableViewCell.swift */; };
		9D866F6722A5FBBA00D783DA /* ChildResetPasswordTableViewController.swift in Sources */ = {isa = PBXBuildFile; fileRef = 9D866F6622A5FBBA00D783DA /* ChildResetPasswordTableViewController.swift */; };
		9D866F6922A5FBC900D783DA /* ResetPasswordViewController.swift in Sources */ = {isa = PBXBuildFile; fileRef = 9D866F6822A5FBC900D783DA /* ResetPasswordViewController.swift */; };
		9DA724D722BA0E0E00E95D0F /* GroupPasswordTableViewCell.swift in Sources */ = {isa = PBXBuildFile; fileRef = 9DA724D622BA0E0E00E95D0F /* GroupPasswordTableViewCell.swift */; };
		9DCFD2A72294FE0B002F4F7A /* AddStepsTableViewController.swift in Sources */ = {isa = PBXBuildFile; fileRef = 9DCFD2A62294FE0B002F4F7A /* AddStepsTableViewController.swift */; };
		9DCFD2A9229503A2002F4F7A /* AddIngredientTableViewCell.swift in Sources */ = {isa = PBXBuildFile; fileRef = 9DCFD2A8229503A2002F4F7A /* AddIngredientTableViewCell.swift */; };
		9DCFD2AB2295060F002F4F7A /* AddStepsTableViewCell.swift in Sources */ = {isa = PBXBuildFile; fileRef = 9DCFD2AA2295060F002F4F7A /* AddStepsTableViewCell.swift */; };
		9DEE6E2C228A222300D1817B /* RecipeController.swift in Sources */ = {isa = PBXBuildFile; fileRef = 9DEE6E2B228A222300D1817B /* RecipeController.swift */; };
		9DEE6E36228A77BC00D1817B /* ChildStepsTableViewController.swift in Sources */ = {isa = PBXBuildFile; fileRef = 9DEE6E35228A77BC00D1817B /* ChildStepsTableViewController.swift */; };
		9DEE6E38228A77C800D1817B /* ChildIngredientsTableViewController.swift in Sources */ = {isa = PBXBuildFile; fileRef = 9DEE6E37228A77C800D1817B /* ChildIngredientsTableViewController.swift */; };
		9DEE6E3E228B3C6600D1817B /* StepTableViewCell.swift in Sources */ = {isa = PBXBuildFile; fileRef = 9DEE6E3D228B3C6600D1817B /* StepTableViewCell.swift */; };
		9DF6B3AA228CEAB60089F954 /* LoginViewController.swift in Sources */ = {isa = PBXBuildFile; fileRef = 9DF6B3A9228CEAB60089F954 /* LoginViewController.swift */; };
		9DF6B3AD228CEFC60089F954 /* Extensions.swift in Sources */ = {isa = PBXBuildFile; fileRef = 9DF6B3AC228CEFC60089F954 /* Extensions.swift */; };
		9DF6B3AF228CF44A0089F954 /* UserController.swift in Sources */ = {isa = PBXBuildFile; fileRef = 9DF6B3AE228CF44A0089F954 /* UserController.swift */; };
		9DF6B3B1228D42770089F954 /* DismissMenuAnimator.swift in Sources */ = {isa = PBXBuildFile; fileRef = 9DF6B3B0228D42770089F954 /* DismissMenuAnimator.swift */; };
		9DF6B3B4228D44420089F954 /* MenuHelper.swift in Sources */ = {isa = PBXBuildFile; fileRef = 9DF6B3B3228D44420089F954 /* MenuHelper.swift */; };
		9DF6B3B8228D46D10089F954 /* Interactor.swift in Sources */ = {isa = PBXBuildFile; fileRef = 9DF6B3B7228D46D10089F954 /* Interactor.swift */; };
		9DF6B3BA228D478F0089F954 /* PresentMenuAnimator.swift in Sources */ = {isa = PBXBuildFile; fileRef = 9DF6B3B9228D478F0089F954 /* PresentMenuAnimator.swift */; };
		9DF6B3BE228D4E500089F954 /* MenuViewController.swift in Sources */ = {isa = PBXBuildFile; fileRef = 9DF6B3BD228D4E500089F954 /* MenuViewController.swift */; };
		9DF6B3C0228D52CA0089F954 /* IntroViewController.swift in Sources */ = {isa = PBXBuildFile; fileRef = 9DF6B3BF228D52CA0089F954 /* IntroViewController.swift */; };
		9DF6B3C3228DF82A0089F954 /* CreateAccountViewController.swift in Sources */ = {isa = PBXBuildFile; fileRef = 9DF6B3C2228DF8290089F954 /* CreateAccountViewController.swift */; };
		9DF6B3C5228DFC9F0089F954 /* ChildCreateAccountTableViewController.swift in Sources */ = {isa = PBXBuildFile; fileRef = 9DF6B3C4228DFC9F0089F954 /* ChildCreateAccountTableViewController.swift */; };
		9DF6B3C7228E32E80089F954 /* User.swift in Sources */ = {isa = PBXBuildFile; fileRef = 9DF6B3C6228E32E80089F954 /* User.swift */; };
		9DF6B3C9228E3AF40089F954 /* ChildMenuTableViewController.swift in Sources */ = {isa = PBXBuildFile; fileRef = 9DF6B3C8228E3AF40089F954 /* ChildMenuTableViewController.swift */; };
		9DF6B3CB228E8D960089F954 /* SideMenuDelegate.swift in Sources */ = {isa = PBXBuildFile; fileRef = 9DF6B3CA228E8D960089F954 /* SideMenuDelegate.swift */; };
		9DF6B3CD228EA9740089F954 /* IngredientsTableViewCell.swift in Sources */ = {isa = PBXBuildFile; fileRef = 9DF6B3CC228EA9740089F954 /* IngredientsTableViewCell.swift */; };
		9DF6B3D0228F3D130089F954 /* MyGroupsTableViewController.swift in Sources */ = {isa = PBXBuildFile; fileRef = 9DF6B3CF228F3D130089F954 /* MyGroupsTableViewController.swift */; };
		9DF6B3D3228F3D720089F954 /* Group.swift in Sources */ = {isa = PBXBuildFile; fileRef = 9DF6B3D2228F3D720089F954 /* Group.swift */; };
		9DF6B3D5228F3E7C0089F954 /* MyGroupsTableViewCell.swift in Sources */ = {isa = PBXBuildFile; fileRef = 9DF6B3D4228F3E7C0089F954 /* MyGroupsTableViewCell.swift */; };
		9DF6B3D7228F410A0089F954 /* CellBackgroundView.swift in Sources */ = {isa = PBXBuildFile; fileRef = 9DF6B3D6228F410A0089F954 /* CellBackgroundView.swift */; };
		9DF6B3DB228F62AB0089F954 /* MyRecipesTableViewController.swift in Sources */ = {isa = PBXBuildFile; fileRef = 9DF6B3DA228F62AB0089F954 /* MyRecipesTableViewController.swift */; };
		9DF6B3DE228F63470089F954 /* MyRecipesTableViewCell.swift in Sources */ = {isa = PBXBuildFile; fileRef = 9DF6B3DD228F63470089F954 /* MyRecipesTableViewCell.swift */; };
		9DF6B3E02294945B0089F954 /* AddRecipeTableViewController.swift in Sources */ = {isa = PBXBuildFile; fileRef = 9DF6B3DF2294945B0089F954 /* AddRecipeTableViewController.swift */; };
		9DF6B3E52294CA440089F954 /* AddIngredientsTableViewController.swift in Sources */ = {isa = PBXBuildFile; fileRef = 9DF6B3E42294CA440089F954 /* AddIngredientsTableViewController.swift */; };
/* End PBXBuildFile section */

/* Begin PBXFileReference section */
		9D1F2EDF229778D7001AC220 /* GroupController.swift */ = {isa = PBXFileReference; lastKnownFileType = sourcecode.swift; path = GroupController.swift; sourceTree = "<group>"; };
		9D36DDCA2308F61B00AB93EC /* SelfSizingTableView.swift */ = {isa = PBXFileReference; lastKnownFileType = sourcecode.swift; name = SelfSizingTableView.swift; path = "RecipeGroups/Views and ViewControllers/Group Recipes/SelfSizingTableView.swift"; sourceTree = SOURCE_ROOT; };
		9D4BBCAC228A10480036488C /* CustomStyles.swift */ = {isa = PBXFileReference; lastKnownFileType = sourcecode.swift; path = CustomStyles.swift; sourceTree = "<group>"; };
		9D540D052288EFD00090B7D2 /* RecipeGroups.app */ = {isa = PBXFileReference; explicitFileType = wrapper.application; includeInIndex = 0; path = RecipeGroups.app; sourceTree = BUILT_PRODUCTS_DIR; };
		9D540D082288EFD00090B7D2 /* AppDelegate.swift */ = {isa = PBXFileReference; lastKnownFileType = sourcecode.swift; path = AppDelegate.swift; sourceTree = "<group>"; };
		9D540D0D2288EFD00090B7D2 /* Base */ = {isa = PBXFileReference; lastKnownFileType = file.storyboard; name = Base; path = Base.lproj/Main.storyboard; sourceTree = "<group>"; };
		9D540D102288EFD00090B7D2 /* RecipeGroups.xcdatamodel */ = {isa = PBXFileReference; lastKnownFileType = wrapper.xcdatamodel; path = RecipeGroups.xcdatamodel; sourceTree = "<group>"; };
		9D540D122288EFD10090B7D2 /* Assets.xcassets */ = {isa = PBXFileReference; lastKnownFileType = folder.assetcatalog; path = Assets.xcassets; sourceTree = "<group>"; };
		9D540D152288EFD10090B7D2 /* Base */ = {isa = PBXFileReference; lastKnownFileType = file.storyboard; name = Base; path = Base.lproj/LaunchScreen.storyboard; sourceTree = "<group>"; };
		9D540D172288EFD10090B7D2 /* Info.plist */ = {isa = PBXFileReference; lastKnownFileType = text.plist.xml; path = Info.plist; sourceTree = "<group>"; };
		9D540D1D2288F3670090B7D2 /* RecipeTableViewCell.swift */ = {isa = PBXFileReference; lastKnownFileType = sourcecode.swift; path = RecipeTableViewCell.swift; sourceTree = "<group>"; };
		9D540D1F2288F4A40090B7D2 /* RecipeTableViewController.swift */ = {isa = PBXFileReference; lastKnownFileType = sourcecode.swift; path = RecipeTableViewController.swift; sourceTree = "<group>"; };
		9D540D232288F4F20090B7D2 /* Recipe.swift */ = {isa = PBXFileReference; lastKnownFileType = sourcecode.swift; path = Recipe.swift; sourceTree = "<group>"; };
		9D540D252288FBDA0090B7D2 /* ShadowCellView.swift */ = {isa = PBXFileReference; lastKnownFileType = sourcecode.swift; path = ShadowCellView.swift; sourceTree = "<group>"; };
		9D540D452289FE5F0090B7D2 /* RecipeDetailViewController.swift */ = {isa = PBXFileReference; lastKnownFileType = sourcecode.swift; path = RecipeDetailViewController.swift; sourceTree = "<group>"; };
		9D54DF7522B5C7F60098FE0D /* Secret.swift */ = {isa = PBXFileReference; lastKnownFileType = sourcecode.swift; path = Secret.swift; sourceTree = "<group>"; };
		9D866F5322A1BC7300D783DA /* CreateAGroupTableViewController.swift */ = {isa = PBXFileReference; lastKnownFileType = sourcecode.swift; path = CreateAGroupTableViewController.swift; sourceTree = "<group>"; };
		9D866F5522A1DDA100D783DA /* JoinGroupTableViewController.swift */ = {isa = PBXFileReference; lastKnownFileType = sourcecode.swift; path = JoinGroupTableViewController.swift; sourceTree = "<group>"; };
		9D866F5722A1EA9F00D783DA /* PDFCreator.swift */ = {isa = PBXFileReference; lastKnownFileType = sourcecode.swift; path = PDFCreator.swift; sourceTree = "<group>"; };
		9D866F5922A20A4B00D783DA /* PDFViewController.swift */ = {isa = PBXFileReference; lastKnownFileType = sourcecode.swift; path = PDFViewController.swift; sourceTree = "<group>"; };
		9D866F5C22A214F000D783DA /* CoreText.framework */ = {isa = PBXFileReference; lastKnownFileType = wrapper.framework; name = CoreText.framework; path = System/Library/Frameworks/CoreText.framework; sourceTree = SDKROOT; };
		9D866F5E22A25B6200D783DA /* LoginChildTableViewController.swift */ = {isa = PBXFileReference; lastKnownFileType = sourcecode.swift; path = LoginChildTableViewController.swift; sourceTree = "<group>"; };
		9D866F6022A4CBF300D783DA /* GroupDetailTableViewController.swift */ = {isa = PBXFileReference; lastKnownFileType = sourcecode.swift; path = GroupDetailTableViewController.swift; sourceTree = "<group>"; };
		9D866F6222A4CC2F00D783DA /* GroupNameTableViewCell.swift */ = {isa = PBXFileReference; lastKnownFileType = sourcecode.swift; path = GroupNameTableViewCell.swift; sourceTree = "<group>"; };
		9D866F6422A4CC4100D783DA /* GroupMemberTableViewCell.swift */ = {isa = PBXFileReference; lastKnownFileType = sourcecode.swift; path = GroupMemberTableViewCell.swift; sourceTree = "<group>"; };
		9D866F6622A5FBBA00D783DA /* ChildResetPasswordTableViewController.swift */ = {isa = PBXFileReference; lastKnownFileType = sourcecode.swift; path = ChildResetPasswordTableViewController.swift; sourceTree = "<group>"; };
		9D866F6822A5FBC900D783DA /* ResetPasswordViewController.swift */ = {isa = PBXFileReference; lastKnownFileType = sourcecode.swift; path = ResetPasswordViewController.swift; sourceTree = "<group>"; };
		9DA724D622BA0E0E00E95D0F /* GroupPasswordTableViewCell.swift */ = {isa = PBXFileReference; lastKnownFileType = sourcecode.swift; path = GroupPasswordTableViewCell.swift; sourceTree = "<group>"; };
		9DCFD2A62294FE0B002F4F7A /* AddStepsTableViewController.swift */ = {isa = PBXFileReference; lastKnownFileType = sourcecode.swift; path = AddStepsTableViewController.swift; sourceTree = "<group>"; };
		9DCFD2A8229503A2002F4F7A /* AddIngredientTableViewCell.swift */ = {isa = PBXFileReference; lastKnownFileType = sourcecode.swift; path = AddIngredientTableViewCell.swift; sourceTree = "<group>"; };
		9DCFD2AA2295060F002F4F7A /* AddStepsTableViewCell.swift */ = {isa = PBXFileReference; lastKnownFileType = sourcecode.swift; path = AddStepsTableViewCell.swift; sourceTree = "<group>"; };
		9DEE6E2B228A222300D1817B /* RecipeController.swift */ = {isa = PBXFileReference; lastKnownFileType = sourcecode.swift; path = RecipeController.swift; sourceTree = "<group>"; };
		9DEE6E35228A77BC00D1817B /* ChildStepsTableViewController.swift */ = {isa = PBXFileReference; lastKnownFileType = sourcecode.swift; path = ChildStepsTableViewController.swift; sourceTree = "<group>"; };
		9DEE6E37228A77C800D1817B /* ChildIngredientsTableViewController.swift */ = {isa = PBXFileReference; lastKnownFileType = sourcecode.swift; path = ChildIngredientsTableViewController.swift; sourceTree = "<group>"; };
		9DEE6E3D228B3C6600D1817B /* StepTableViewCell.swift */ = {isa = PBXFileReference; lastKnownFileType = sourcecode.swift; path = StepTableViewCell.swift; sourceTree = "<group>"; };
		9DF6B3A9228CEAB60089F954 /* LoginViewController.swift */ = {isa = PBXFileReference; lastKnownFileType = sourcecode.swift; path = LoginViewController.swift; sourceTree = "<group>"; };
		9DF6B3AC228CEFC60089F954 /* Extensions.swift */ = {isa = PBXFileReference; lastKnownFileType = sourcecode.swift; path = Extensions.swift; sourceTree = "<group>"; };
		9DF6B3AE228CF44A0089F954 /* UserController.swift */ = {isa = PBXFileReference; lastKnownFileType = sourcecode.swift; path = UserController.swift; sourceTree = "<group>"; };
		9DF6B3B0228D42770089F954 /* DismissMenuAnimator.swift */ = {isa = PBXFileReference; lastKnownFileType = sourcecode.swift; path = DismissMenuAnimator.swift; sourceTree = "<group>"; };
		9DF6B3B3228D44420089F954 /* MenuHelper.swift */ = {isa = PBXFileReference; lastKnownFileType = sourcecode.swift; path = MenuHelper.swift; sourceTree = "<group>"; };
		9DF6B3B7228D46D10089F954 /* Interactor.swift */ = {isa = PBXFileReference; lastKnownFileType = sourcecode.swift; path = Interactor.swift; sourceTree = "<group>"; };
		9DF6B3B9228D478F0089F954 /* PresentMenuAnimator.swift */ = {isa = PBXFileReference; lastKnownFileType = sourcecode.swift; path = PresentMenuAnimator.swift; sourceTree = "<group>"; };
		9DF6B3BD228D4E500089F954 /* MenuViewController.swift */ = {isa = PBXFileReference; lastKnownFileType = sourcecode.swift; path = MenuViewController.swift; sourceTree = "<group>"; };
		9DF6B3BF228D52CA0089F954 /* IntroViewController.swift */ = {isa = PBXFileReference; lastKnownFileType = sourcecode.swift; path = IntroViewController.swift; sourceTree = "<group>"; };
		9DF6B3C2228DF8290089F954 /* CreateAccountViewController.swift */ = {isa = PBXFileReference; lastKnownFileType = sourcecode.swift; path = CreateAccountViewController.swift; sourceTree = "<group>"; };
		9DF6B3C4228DFC9F0089F954 /* ChildCreateAccountTableViewController.swift */ = {isa = PBXFileReference; lastKnownFileType = sourcecode.swift; path = ChildCreateAccountTableViewController.swift; sourceTree = "<group>"; };
		9DF6B3C6228E32E80089F954 /* User.swift */ = {isa = PBXFileReference; lastKnownFileType = sourcecode.swift; path = User.swift; sourceTree = "<group>"; };
		9DF6B3C8228E3AF40089F954 /* ChildMenuTableViewController.swift */ = {isa = PBXFileReference; lastKnownFileType = sourcecode.swift; path = ChildMenuTableViewController.swift; sourceTree = "<group>"; };
		9DF6B3CA228E8D960089F954 /* SideMenuDelegate.swift */ = {isa = PBXFileReference; lastKnownFileType = sourcecode.swift; path = SideMenuDelegate.swift; sourceTree = "<group>"; };
		9DF6B3CC228EA9740089F954 /* IngredientsTableViewCell.swift */ = {isa = PBXFileReference; lastKnownFileType = sourcecode.swift; path = IngredientsTableViewCell.swift; sourceTree = "<group>"; };
		9DF6B3CF228F3D130089F954 /* MyGroupsTableViewController.swift */ = {isa = PBXFileReference; lastKnownFileType = sourcecode.swift; path = MyGroupsTableViewController.swift; sourceTree = "<group>"; };
		9DF6B3D2228F3D720089F954 /* Group.swift */ = {isa = PBXFileReference; lastKnownFileType = sourcecode.swift; path = Group.swift; sourceTree = "<group>"; };
		9DF6B3D4228F3E7C0089F954 /* MyGroupsTableViewCell.swift */ = {isa = PBXFileReference; lastKnownFileType = sourcecode.swift; path = MyGroupsTableViewCell.swift; sourceTree = "<group>"; };
		9DF6B3D6228F410A0089F954 /* CellBackgroundView.swift */ = {isa = PBXFileReference; lastKnownFileType = sourcecode.swift; name = CellBackgroundView.swift; path = "RecipeGroups/Views and ViewControllers/CellBackgroundView.swift"; sourceTree = SOURCE_ROOT; };
		9DF6B3DA228F62AB0089F954 /* MyRecipesTableViewController.swift */ = {isa = PBXFileReference; lastKnownFileType = sourcecode.swift; path = MyRecipesTableViewController.swift; sourceTree = "<group>"; };
		9DF6B3DD228F63470089F954 /* MyRecipesTableViewCell.swift */ = {isa = PBXFileReference; lastKnownFileType = sourcecode.swift; path = MyRecipesTableViewCell.swift; sourceTree = "<group>"; };
		9DF6B3DF2294945B0089F954 /* AddRecipeTableViewController.swift */ = {isa = PBXFileReference; lastKnownFileType = sourcecode.swift; path = AddRecipeTableViewController.swift; sourceTree = "<group>"; };
		9DF6B3E42294CA440089F954 /* AddIngredientsTableViewController.swift */ = {isa = PBXFileReference; lastKnownFileType = sourcecode.swift; path = AddIngredientsTableViewController.swift; sourceTree = "<group>"; };
/* End PBXFileReference section */

/* Begin PBXFrameworksBuildPhase section */
		9D540D022288EFD00090B7D2 /* Frameworks */ = {
			isa = PBXFrameworksBuildPhase;
			buildActionMask = 2147483647;
			files = (
				9D866F5D22A214F000D783DA /* CoreText.framework in Frameworks */,
			);
			runOnlyForDeploymentPostprocessing = 0;
		};
/* End PBXFrameworksBuildPhase section */

/* Begin PBXGroup section */
		9D540CFC2288EFD00090B7D2 = {
			isa = PBXGroup;
			children = (
				9D540D072288EFD00090B7D2 /* RecipeGroups */,
				9D540D062288EFD00090B7D2 /* Products */,
				9D866F5B22A214EF00D783DA /* Frameworks */,
			);
			sourceTree = "<group>";
		};
		9D540D062288EFD00090B7D2 /* Products */ = {
			isa = PBXGroup;
			children = (
				9D540D052288EFD00090B7D2 /* RecipeGroups.app */,
			);
			name = Products;
			sourceTree = "<group>";
		};
		9D540D072288EFD00090B7D2 /* RecipeGroups */ = {
			isa = PBXGroup;
			children = (
				9D54DF7522B5C7F60098FE0D /* Secret.swift */,
				9DEE6E3F228B3CD100D1817B /* Views and ViewControllers */,
				9DF6B3B2228D42C60089F954 /* Side Menu */,
				9DF6B3C1228DEE640089F954 /* Models and Model Controllers */,
				9D540D082288EFD00090B7D2 /* AppDelegate.swift */,
				9D540D0C2288EFD00090B7D2 /* Main.storyboard */,
				9D540D122288EFD10090B7D2 /* Assets.xcassets */,
				9D540D142288EFD10090B7D2 /* LaunchScreen.storyboard */,
				9D540D172288EFD10090B7D2 /* Info.plist */,
				9D540D0F2288EFD00090B7D2 /* RecipeGroups.xcdatamodeld */,
			);
			path = RecipeGroups;
			sourceTree = "<group>";
		};
		9D866F5B22A214EF00D783DA /* Frameworks */ = {
			isa = PBXGroup;
			children = (
				9D866F5C22A214F000D783DA /* CoreText.framework */,
			);
			name = Frameworks;
			sourceTree = "<group>";
		};
		9DEE6E3F228B3CD100D1817B /* Views and ViewControllers */ = {
			isa = PBXGroup;
			children = (
				9D540D252288FBDA0090B7D2 /* ShadowCellView.swift */,
				9DF6B3D6228F410A0089F954 /* CellBackgroundView.swift */,
				9D4BBCAC228A10480036488C /* CustomStyles.swift */,
				9DF6B3AC228CEFC60089F954 /* Extensions.swift */,
				9DF6B3AB228CEAC20089F954 /* Login and Signup */,
				9DF6B3DC228F62BB0089F954 /* My Recipes */,
				9DF6B3D1228F3D240089F954 /* My Groups */,
				9DF6B3CE228EAA610089F954 /* Group Recipes */,
			);
			path = "Views and ViewControllers";
			sourceTree = "<group>";
		};
		9DEE6E40228B3D3200D1817B /* Step By Step */ = {
			isa = PBXGroup;
			children = (
				9DEE6E35228A77BC00D1817B /* ChildStepsTableViewController.swift */,
				9DEE6E3D228B3C6600D1817B /* StepTableViewCell.swift */,
			);
			path = "Step By Step";
			sourceTree = "<group>";
		};
		9DF6B37C228B516C0089F954 /* Ingredients */ = {
			isa = PBXGroup;
			children = (
				9DEE6E37228A77C800D1817B /* ChildIngredientsTableViewController.swift */,
				9D36DDCA2308F61B00AB93EC /* SelfSizingTableView.swift */,
				9DF6B3CC228EA9740089F954 /* IngredientsTableViewCell.swift */,
			);
			path = Ingredients;
			sourceTree = "<group>";
		};
		9DF6B3AB228CEAC20089F954 /* Login and Signup */ = {
			isa = PBXGroup;
			children = (
				9DF6B3C2228DF8290089F954 /* CreateAccountViewController.swift */,
				9DF6B3C4228DFC9F0089F954 /* ChildCreateAccountTableViewController.swift */,
				9DF6B3BF228D52CA0089F954 /* IntroViewController.swift */,
				9DF6B3A9228CEAB60089F954 /* LoginViewController.swift */,
				9D866F5E22A25B6200D783DA /* LoginChildTableViewController.swift */,
				9D866F6622A5FBBA00D783DA /* ChildResetPasswordTableViewController.swift */,
				9D866F6822A5FBC900D783DA /* ResetPasswordViewController.swift */,
			);
			path = "Login and Signup";
			sourceTree = "<group>";
		};
		9DF6B3B2228D42C60089F954 /* Side Menu */ = {
			isa = PBXGroup;
			children = (
				9DF6B3B7228D46D10089F954 /* Interactor.swift */,
				9DF6B3B0228D42770089F954 /* DismissMenuAnimator.swift */,
				9DF6B3B3228D44420089F954 /* MenuHelper.swift */,
				9DF6B3CA228E8D960089F954 /* SideMenuDelegate.swift */,
				9DF6B3B9228D478F0089F954 /* PresentMenuAnimator.swift */,
				9DF6B3BD228D4E500089F954 /* MenuViewController.swift */,
				9DF6B3C8228E3AF40089F954 /* ChildMenuTableViewController.swift */,
			);
			path = "Side Menu";
			sourceTree = "<group>";
		};
		9DF6B3C1228DEE640089F954 /* Models and Model Controllers */ = {
			isa = PBXGroup;
			children = (
				9DF6B3AE228CF44A0089F954 /* UserController.swift */,
				9DF6B3C6228E32E80089F954 /* User.swift */,
				9DEE6E2B228A222300D1817B /* RecipeController.swift */,
				9D540D232288F4F20090B7D2 /* Recipe.swift */,
				9D866F5722A1EA9F00D783DA /* PDFCreator.swift */,
				9DF6B3D2228F3D720089F954 /* Group.swift */,
				9D1F2EDF229778D7001AC220 /* GroupController.swift */,
			);
			path = "Models and Model Controllers";
			sourceTree = "<group>";
		};
		9DF6B3CE228EAA610089F954 /* Group Recipes */ = {
			isa = PBXGroup;
			children = (
				9DF6B37C228B516C0089F954 /* Ingredients */,
				9DEE6E40228B3D3200D1817B /* Step By Step */,
				9D540D452289FE5F0090B7D2 /* RecipeDetailViewController.swift */,
				9D866F5922A20A4B00D783DA /* PDFViewController.swift */,
				9D540D1F2288F4A40090B7D2 /* RecipeTableViewController.swift */,
				9D540D1D2288F3670090B7D2 /* RecipeTableViewCell.swift */,
			);
			path = "Group Recipes";
			sourceTree = "<group>";
		};
		9DF6B3D1228F3D240089F954 /* My Groups */ = {
			isa = PBXGroup;
			children = (
				9D866F5322A1BC7300D783DA /* CreateAGroupTableViewController.swift */,
				9D866F5522A1DDA100D783DA /* JoinGroupTableViewController.swift */,
				9DF6B3CF228F3D130089F954 /* MyGroupsTableViewController.swift */,
				9DF6B3D4228F3E7C0089F954 /* MyGroupsTableViewCell.swift */,
				9D866F6022A4CBF300D783DA /* GroupDetailTableViewController.swift */,
				9D866F6222A4CC2F00D783DA /* GroupNameTableViewCell.swift */,
				9D866F6422A4CC4100D783DA /* GroupMemberTableViewCell.swift */,
				9DA724D622BA0E0E00E95D0F /* GroupPasswordTableViewCell.swift */,
			);
			path = "My Groups";
			sourceTree = "<group>";
		};
		9DF6B3DC228F62BB0089F954 /* My Recipes */ = {
			isa = PBXGroup;
			children = (
				9DF6B3DA228F62AB0089F954 /* MyRecipesTableViewController.swift */,
				9DF6B3DD228F63470089F954 /* MyRecipesTableViewCell.swift */,
				9DF6B3E12294A2A00089F954 /* Add a Recipe */,
			);
			path = "My Recipes";
			sourceTree = "<group>";
		};
		9DF6B3E12294A2A00089F954 /* Add a Recipe */ = {
			isa = PBXGroup;
			children = (
				9DF6B3DF2294945B0089F954 /* AddRecipeTableViewController.swift */,
				9DCFD2A62294FE0B002F4F7A /* AddStepsTableViewController.swift */,
				9DF6B3E42294CA440089F954 /* AddIngredientsTableViewController.swift */,
				9DCFD2A8229503A2002F4F7A /* AddIngredientTableViewCell.swift */,
				9DCFD2AA2295060F002F4F7A /* AddStepsTableViewCell.swift */,
			);
			path = "Add a Recipe";
			sourceTree = "<group>";
		};
/* End PBXGroup section */

/* Begin PBXNativeTarget section */
		9D540D042288EFD00090B7D2 /* RecipeGroups */ = {
			isa = PBXNativeTarget;
			buildConfigurationList = 9D540D1A2288EFD10090B7D2 /* Build configuration list for PBXNativeTarget "RecipeGroups" */;
			buildPhases = (
				9D540D012288EFD00090B7D2 /* Sources */,
				9D540D022288EFD00090B7D2 /* Frameworks */,
				9D540D032288EFD00090B7D2 /* Resources */,
			);
			buildRules = (
			);
			dependencies = (
			);
			name = RecipeGroups;
			productName = RecipeGroups;
			productReference = 9D540D052288EFD00090B7D2 /* RecipeGroups.app */;
			productType = "com.apple.product-type.application";
		};
/* End PBXNativeTarget section */

/* Begin PBXProject section */
		9D540CFD2288EFD00090B7D2 /* Project object */ = {
			isa = PBXProject;
			attributes = {
				LastSwiftUpdateCheck = 1020;
				LastUpgradeCheck = 1020;
				ORGANIZATIONNAME = "Ryan MORGAN";
				TargetAttributes = {
					9D540D042288EFD00090B7D2 = {
						CreatedOnToolsVersion = 10.2.1;
					};
				};
			};
			buildConfigurationList = 9D540D002288EFD00090B7D2 /* Build configuration list for PBXProject "RecipeGroups" */;
			compatibilityVersion = "Xcode 9.3";
			developmentRegion = en;
			hasScannedForEncodings = 0;
			knownRegions = (
				en,
				Base,
			);
			mainGroup = 9D540CFC2288EFD00090B7D2;
			productRefGroup = 9D540D062288EFD00090B7D2 /* Products */;
			projectDirPath = "";
			projectRoot = "";
			targets = (
				9D540D042288EFD00090B7D2 /* RecipeGroups */,
			);
		};
/* End PBXProject section */

/* Begin PBXResourcesBuildPhase section */
		9D540D032288EFD00090B7D2 /* Resources */ = {
			isa = PBXResourcesBuildPhase;
			buildActionMask = 2147483647;
			files = (
				9D540D162288EFD10090B7D2 /* LaunchScreen.storyboard in Resources */,
				9D540D132288EFD10090B7D2 /* Assets.xcassets in Resources */,
				9D540D0E2288EFD00090B7D2 /* Main.storyboard in Resources */,
			);
			runOnlyForDeploymentPostprocessing = 0;
		};
/* End PBXResourcesBuildPhase section */

/* Begin PBXSourcesBuildPhase section */
		9D540D012288EFD00090B7D2 /* Sources */ = {
			isa = PBXSourcesBuildPhase;
			buildActionMask = 2147483647;
			files = (
				9D866F6722A5FBBA00D783DA /* ChildResetPasswordTableViewController.swift in Sources */,
				9D866F6522A4CC4100D783DA /* GroupMemberTableViewCell.swift in Sources */,
				9D540D262288FBDA0090B7D2 /* ShadowCellView.swift in Sources */,
				9D866F6122A4CBF300D783DA /* GroupDetailTableViewController.swift in Sources */,
				9DF6B3C5228DFC9F0089F954 /* ChildCreateAccountTableViewController.swift in Sources */,
				9D866F6322A4CC2F00D783DA /* GroupNameTableViewCell.swift in Sources */,
				9D866F6922A5FBC900D783DA /* ResetPasswordViewController.swift in Sources */,
				9D1F2EE0229778D7001AC220 /* GroupController.swift in Sources */,
				9D866F5822A1EA9F00D783DA /* PDFCreator.swift in Sources */,
				9D54DF7622B5C7F60098FE0D /* Secret.swift in Sources */,
				9DF6B3D3228F3D720089F954 /* Group.swift in Sources */,
				9DF6B3C7228E32E80089F954 /* User.swift in Sources */,
				9DCFD2AB2295060F002F4F7A /* AddStepsTableViewCell.swift in Sources */,
				9DF6B3CD228EA9740089F954 /* IngredientsTableViewCell.swift in Sources */,
				9DF6B3AF228CF44A0089F954 /* UserController.swift in Sources */,
				9D540D112288EFD00090B7D2 /* RecipeGroups.xcdatamodeld in Sources */,
				9DF6B3E02294945B0089F954 /* AddRecipeTableViewController.swift in Sources */,
				9D866F5622A1DDA100D783DA /* JoinGroupTableViewController.swift in Sources */,
				9D866F5422A1BC7300D783DA /* CreateAGroupTableViewController.swift in Sources */,
				9DF6B3AA228CEAB60089F954 /* LoginViewController.swift in Sources */,
				9D540D462289FE5F0090B7D2 /* RecipeDetailViewController.swift in Sources */,
				9D866F5F22A25B6200D783DA /* LoginChildTableViewController.swift in Sources */,
				9D4BBCAD228A10480036488C /* CustomStyles.swift in Sources */,
				9DF6B3E52294CA440089F954 /* AddIngredientsTableViewController.swift in Sources */,
				9D540D092288EFD00090B7D2 /* AppDelegate.swift in Sources */,
				9DEE6E3E228B3C6600D1817B /* StepTableViewCell.swift in Sources */,
				9DEE6E38228A77C800D1817B /* ChildIngredientsTableViewController.swift in Sources */,
				9DF6B3D7228F410A0089F954 /* CellBackgroundView.swift in Sources */,
				9DF6B3BE228D4E500089F954 /* MenuViewController.swift in Sources */,
				9D36DDCB2308F61B00AB93EC /* SelfSizingTableView.swift in Sources */,
				9DF6B3DB228F62AB0089F954 /* MyRecipesTableViewController.swift in Sources */,
				9D540D242288F4F20090B7D2 /* Recipe.swift in Sources */,
				9DF6B3CB228E8D960089F954 /* SideMenuDelegate.swift in Sources */,
				9DA724D722BA0E0E00E95D0F /* GroupPasswordTableViewCell.swift in Sources */,
				9DF6B3AD228CEFC60089F954 /* Extensions.swift in Sources */,
				9DF6B3B4228D44420089F954 /* MenuHelper.swift in Sources */,
				9DF6B3C3228DF82A0089F954 /* CreateAccountViewController.swift in Sources */,
				9DF6B3D5228F3E7C0089F954 /* MyGroupsTableViewCell.swift in Sources */,
				9DF6B3BA228D478F0089F954 /* PresentMenuAnimator.swift in Sources */,
				9DCFD2A72294FE0B002F4F7A /* AddStepsTableViewController.swift in Sources */,
				9D866F5A22A20A4B00D783DA /* PDFViewController.swift in Sources */,
				9DEE6E36228A77BC00D1817B /* ChildStepsTableViewController.swift in Sources */,
				9DF6B3D0228F3D130089F954 /* MyGroupsTableViewController.swift in Sources */,
				9DF6B3B1228D42770089F954 /* DismissMenuAnimator.swift in Sources */,
				9DF6B3B8228D46D10089F954 /* Interactor.swift in Sources */,
				9DCFD2A9229503A2002F4F7A /* AddIngredientTableViewCell.swift in Sources */,
				9DF6B3DE228F63470089F954 /* MyRecipesTableViewCell.swift in Sources */,
				9D540D1E2288F3670090B7D2 /* RecipeTableViewCell.swift in Sources */,
				9DF6B3C0228D52CA0089F954 /* IntroViewController.swift in Sources */,
				9DF6B3C9228E3AF40089F954 /* ChildMenuTableViewController.swift in Sources */,
				9DEE6E2C228A222300D1817B /* RecipeController.swift in Sources */,
				9D540D202288F4A40090B7D2 /* RecipeTableViewController.swift in Sources */,
			);
			runOnlyForDeploymentPostprocessing = 0;
		};
/* End PBXSourcesBuildPhase section */

/* Begin PBXVariantGroup section */
		9D540D0C2288EFD00090B7D2 /* Main.storyboard */ = {
			isa = PBXVariantGroup;
			children = (
				9D540D0D2288EFD00090B7D2 /* Base */,
			);
			name = Main.storyboard;
			sourceTree = "<group>";
		};
		9D540D142288EFD10090B7D2 /* LaunchScreen.storyboard */ = {
			isa = PBXVariantGroup;
			children = (
				9D540D152288EFD10090B7D2 /* Base */,
			);
			name = LaunchScreen.storyboard;
			sourceTree = "<group>";
		};
/* End PBXVariantGroup section */

/* Begin XCBuildConfiguration section */
		9D540D182288EFD10090B7D2 /* Debug */ = {
			isa = XCBuildConfiguration;
			buildSettings = {
				ALWAYS_SEARCH_USER_PATHS = NO;
				CLANG_ANALYZER_NONNULL = YES;
				CLANG_ANALYZER_NUMBER_OBJECT_CONVERSION = YES_AGGRESSIVE;
				CLANG_CXX_LANGUAGE_STANDARD = "gnu++14";
				CLANG_CXX_LIBRARY = "libc++";
				CLANG_ENABLE_MODULES = YES;
				CLANG_ENABLE_OBJC_ARC = YES;
				CLANG_ENABLE_OBJC_WEAK = YES;
				CLANG_WARN_BLOCK_CAPTURE_AUTORELEASING = YES;
				CLANG_WARN_BOOL_CONVERSION = YES;
				CLANG_WARN_COMMA = YES;
				CLANG_WARN_CONSTANT_CONVERSION = YES;
				CLANG_WARN_DEPRECATED_OBJC_IMPLEMENTATIONS = YES;
				CLANG_WARN_DIRECT_OBJC_ISA_USAGE = YES_ERROR;
				CLANG_WARN_DOCUMENTATION_COMMENTS = YES;
				CLANG_WARN_EMPTY_BODY = YES;
				CLANG_WARN_ENUM_CONVERSION = YES;
				CLANG_WARN_INFINITE_RECURSION = YES;
				CLANG_WARN_INT_CONVERSION = YES;
				CLANG_WARN_NON_LITERAL_NULL_CONVERSION = YES;
				CLANG_WARN_OBJC_IMPLICIT_RETAIN_SELF = YES;
				CLANG_WARN_OBJC_LITERAL_CONVERSION = YES;
				CLANG_WARN_OBJC_ROOT_CLASS = YES_ERROR;
				CLANG_WARN_RANGE_LOOP_ANALYSIS = YES;
				CLANG_WARN_STRICT_PROTOTYPES = YES;
				CLANG_WARN_SUSPICIOUS_MOVE = YES;
				CLANG_WARN_UNGUARDED_AVAILABILITY = YES_AGGRESSIVE;
				CLANG_WARN_UNREACHABLE_CODE = YES;
				CLANG_WARN__DUPLICATE_METHOD_MATCH = YES;
				CODE_SIGN_IDENTITY = "iPhone Developer";
				COPY_PHASE_STRIP = NO;
				DEBUG_INFORMATION_FORMAT = dwarf;
				ENABLE_STRICT_OBJC_MSGSEND = YES;
				ENABLE_TESTABILITY = YES;
				GCC_C_LANGUAGE_STANDARD = gnu11;
				GCC_DYNAMIC_NO_PIC = NO;
				GCC_NO_COMMON_BLOCKS = YES;
				GCC_OPTIMIZATION_LEVEL = 0;
				GCC_PREPROCESSOR_DEFINITIONS = (
					"DEBUG=1",
					"$(inherited)",
				);
				GCC_WARN_64_TO_32_BIT_CONVERSION = YES;
				GCC_WARN_ABOUT_RETURN_TYPE = YES_ERROR;
				GCC_WARN_UNDECLARED_SELECTOR = YES;
				GCC_WARN_UNINITIALIZED_AUTOS = YES_AGGRESSIVE;
				GCC_WARN_UNUSED_FUNCTION = YES;
				GCC_WARN_UNUSED_VARIABLE = YES;
				IPHONEOS_DEPLOYMENT_TARGET = 12.2;
				MTL_ENABLE_DEBUG_INFO = INCLUDE_SOURCE;
				MTL_FAST_MATH = YES;
				ONLY_ACTIVE_ARCH = YES;
				SDKROOT = iphoneos;
				SWIFT_ACTIVE_COMPILATION_CONDITIONS = DEBUG;
				SWIFT_OPTIMIZATION_LEVEL = "-Onone";
			};
			name = Debug;
		};
		9D540D192288EFD10090B7D2 /* Release */ = {
			isa = XCBuildConfiguration;
			buildSettings = {
				ALWAYS_SEARCH_USER_PATHS = NO;
				CLANG_ANALYZER_NONNULL = YES;
				CLANG_ANALYZER_NUMBER_OBJECT_CONVERSION = YES_AGGRESSIVE;
				CLANG_CXX_LANGUAGE_STANDARD = "gnu++14";
				CLANG_CXX_LIBRARY = "libc++";
				CLANG_ENABLE_MODULES = YES;
				CLANG_ENABLE_OBJC_ARC = YES;
				CLANG_ENABLE_OBJC_WEAK = YES;
				CLANG_WARN_BLOCK_CAPTURE_AUTORELEASING = YES;
				CLANG_WARN_BOOL_CONVERSION = YES;
				CLANG_WARN_COMMA = YES;
				CLANG_WARN_CONSTANT_CONVERSION = YES;
				CLANG_WARN_DEPRECATED_OBJC_IMPLEMENTATIONS = YES;
				CLANG_WARN_DIRECT_OBJC_ISA_USAGE = YES_ERROR;
				CLANG_WARN_DOCUMENTATION_COMMENTS = YES;
				CLANG_WARN_EMPTY_BODY = YES;
				CLANG_WARN_ENUM_CONVERSION = YES;
				CLANG_WARN_INFINITE_RECURSION = YES;
				CLANG_WARN_INT_CONVERSION = YES;
				CLANG_WARN_NON_LITERAL_NULL_CONVERSION = YES;
				CLANG_WARN_OBJC_IMPLICIT_RETAIN_SELF = YES;
				CLANG_WARN_OBJC_LITERAL_CONVERSION = YES;
				CLANG_WARN_OBJC_ROOT_CLASS = YES_ERROR;
				CLANG_WARN_RANGE_LOOP_ANALYSIS = YES;
				CLANG_WARN_STRICT_PROTOTYPES = YES;
				CLANG_WARN_SUSPICIOUS_MOVE = YES;
				CLANG_WARN_UNGUARDED_AVAILABILITY = YES_AGGRESSIVE;
				CLANG_WARN_UNREACHABLE_CODE = YES;
				CLANG_WARN__DUPLICATE_METHOD_MATCH = YES;
				CODE_SIGN_IDENTITY = "iPhone Developer";
				COPY_PHASE_STRIP = NO;
				DEBUG_INFORMATION_FORMAT = "dwarf-with-dsym";
				ENABLE_NS_ASSERTIONS = NO;
				ENABLE_STRICT_OBJC_MSGSEND = YES;
				GCC_C_LANGUAGE_STANDARD = gnu11;
				GCC_NO_COMMON_BLOCKS = YES;
				GCC_WARN_64_TO_32_BIT_CONVERSION = YES;
				GCC_WARN_ABOUT_RETURN_TYPE = YES_ERROR;
				GCC_WARN_UNDECLARED_SELECTOR = YES;
				GCC_WARN_UNINITIALIZED_AUTOS = YES_AGGRESSIVE;
				GCC_WARN_UNUSED_FUNCTION = YES;
				GCC_WARN_UNUSED_VARIABLE = YES;
				IPHONEOS_DEPLOYMENT_TARGET = 12.2;
				MTL_ENABLE_DEBUG_INFO = NO;
				MTL_FAST_MATH = YES;
				SDKROOT = iphoneos;
				SWIFT_COMPILATION_MODE = wholemodule;
				SWIFT_OPTIMIZATION_LEVEL = "-O";
				VALIDATE_PRODUCT = YES;
			};
			name = Release;
		};
		9D540D1B2288EFD10090B7D2 /* Debug */ = {
			isa = XCBuildConfiguration;
			buildSettings = {
				ASSETCATALOG_COMPILER_APPICON_NAME = AppIcon;
				CODE_SIGN_STYLE = Automatic;
				DEVELOPMENT_TEAM = 83SMKTXN98;
				INFOPLIST_FILE = RecipeGroups/Info.plist;
				LD_RUNPATH_SEARCH_PATHS = (
					"$(inherited)",
					"@executable_path/Frameworks",
				);
				PRODUCT_BUNDLE_IDENTIFIER = com.RyanMorgan.RecipeGroups;
				PRODUCT_NAME = "$(TARGET_NAME)";
				SWIFT_VERSION = 5.0;
				TARGETED_DEVICE_FAMILY = "1,2";
			};
			name = Debug;
		};
		9D540D1C2288EFD10090B7D2 /* Release */ = {
			isa = XCBuildConfiguration;
			buildSettings = {
				ASSETCATALOG_COMPILER_APPICON_NAME = AppIcon;
				CODE_SIGN_STYLE = Automatic;
				DEVELOPMENT_TEAM = 83SMKTXN98;
				INFOPLIST_FILE = RecipeGroups/Info.plist;
				LD_RUNPATH_SEARCH_PATHS = (
					"$(inherited)",
					"@executable_path/Frameworks",
				);
				PRODUCT_BUNDLE_IDENTIFIER = com.RyanMorgan.RecipeGroups;
				PRODUCT_NAME = "$(TARGET_NAME)";
				SWIFT_VERSION = 5.0;
				TARGETED_DEVICE_FAMILY = "1,2";
			};
			name = Release;
		};
/* End XCBuildConfiguration section */

/* Begin XCConfigurationList section */
		9D540D002288EFD00090B7D2 /* Build configuration list for PBXProject "RecipeGroups" */ = {
			isa = XCConfigurationList;
			buildConfigurations = (
				9D540D182288EFD10090B7D2 /* Debug */,
				9D540D192288EFD10090B7D2 /* Release */,
			);
			defaultConfigurationIsVisible = 0;
			defaultConfigurationName = Release;
		};
		9D540D1A2288EFD10090B7D2 /* Build configuration list for PBXNativeTarget "RecipeGroups" */ = {
			isa = XCConfigurationList;
			buildConfigurations = (
				9D540D1B2288EFD10090B7D2 /* Debug */,
				9D540D1C2288EFD10090B7D2 /* Release */,
			);
			defaultConfigurationIsVisible = 0;
			defaultConfigurationName = Release;
		};
/* End XCConfigurationList section */

/* Begin XCVersionGroup section */
		9D540D0F2288EFD00090B7D2 /* RecipeGroups.xcdatamodeld */ = {
			isa = XCVersionGroup;
			children = (
				9D540D102288EFD00090B7D2 /* RecipeGroups.xcdatamodel */,
			);
			currentVersion = 9D540D102288EFD00090B7D2 /* RecipeGroups.xcdatamodel */;
			path = RecipeGroups.xcdatamodeld;
			sourceTree = "<group>";
			versionGroupType = wrapper.xcdatamodel;
		};
/* End XCVersionGroup section */
	};
	rootObject = 9D540CFD2288EFD00090B7D2 /* Project object */;
}
